
Microsoft Visual Studio Solution File, Format Version 12.00
# Visual Studio Version 17
VisualStudioVersion = 17.2.32630.192
MinimumVisualStudioVersion = 10.0.40219.1
Project("{9A19103F-16F7-4668-BE54-9A1E7A4F7556}") = "R5T.Z0026", "R5T.Z0026\R5T.Z0026.csproj", "{257A3294-8623-46B6-9C68-2D5BC5D76587}"
EndProject
Project("{2150E333-8FDC-42A3-9474-1A3956D46DE8}") = "_Dependencies", "_Dependencies", "{EF1490B9-299D-4E94-930A-ADE9391EF00D}"
EndProject
Project("{9A19103F-16F7-4668-BE54-9A1E7A4F7556}") = "R5T.T0131", "..\..\R5T.T0131\source\R5T.T0131\R5T.T0131.csproj", "{6438010F-BB2B-4B4B-B22C-36B790F3CAD3}"
EndProject
Project("{9A19103F-16F7-4668-BE54-9A1E7A4F7556}") = "R5T.T0132", "..\..\R5T.T0132\source\R5T.T0132\R5T.T0132.csproj", "{9A490888-4356-4F92-A940-B005F7ACBD30}"
EndProject
Project("{9A19103F-16F7-4668-BE54-9A1E7A4F7556}") = "R5T.T0143", "..\..\R5T.T0143\source\R5T.T0143\R5T.T0143.csproj", "{73AA7857-1F47-4DE4-8678-947CFE763E3C}"
EndProject
Project("{9A19103F-16F7-4668-BE54-9A1E7A4F7556}") = "R5T.T0178", "..\..\R5T.T0178\source\R5T.T0178\R5T.T0178.csproj", "{0D9B191D-914B-4283-A06E-886F11DEB986}"
EndProject
Project("{9A19103F-16F7-4668-BE54-9A1E7A4F7556}") = "R5T.T0179", "..\..\R5T.T0179\source\R5T.T0179\R5T.T0179.csproj", "{FDBDD6E8-7C49-4584-90D3-64BE4B58BF95}"
EndProject
Project("{9A19103F-16F7-4668-BE54-9A1E7A4F7556}") = "R5T.T0180", "..\..\R5T.T0180\source\R5T.T0180\R5T.T0180.csproj", "{54B57CFC-C649-49FD-AD6D-94A4F875B8BE}"
EndProject
Global
	GlobalSection(NestedProjects) = preSolution
		{6438010F-BB2B-4B4B-B22C-36B790F3CAD3} = {EF1490B9-299D-4E94-930A-ADE9391EF00D}
		{9A490888-4356-4F92-A940-B005F7ACBD30} = {EF1490B9-299D-4E94-930A-ADE9391EF00D}
		{73AA7857-1F47-4DE4-8678-947CFE763E3C} = {EF1490B9-299D-4E94-930A-ADE9391EF00D}
		{0D9B191D-914B-4283-A06E-886F11DEB986} = {EF1490B9-299D-4E94-930A-ADE9391EF00D}
		{FDBDD6E8-7C49-4584-90D3-64BE4B58BF95} = {EF1490B9-299D-4E94-930A-ADE9391EF00D}
		{54B57CFC-C649-49FD-AD6D-94A4F875B8BE} = {EF1490B9-299D-4E94-930A-ADE9391EF00D}
	EndGlobalSection
	GlobalSection(SolutionConfigurationPlatforms) = preSolution
		Debug|Any CPU = Debug|Any CPU
		Release|Any CPU = Release|Any CPU
	EndGlobalSection
	GlobalSection(ProjectConfigurationPlatforms) = postSolution
		{257A3294-8623-46B6-9C68-2D5BC5D76587}.Debug|Any CPU.ActiveCfg = Debug|Any CPU
		{257A3294-8623-46B6-9C68-2D5BC5D76587}.Debug|Any CPU.Build.0 = Debug|Any CPU
		{257A3294-8623-46B6-9C68-2D5BC5D76587}.Release|Any CPU.ActiveCfg = Release|Any CPU
		{257A3294-8623-46B6-9C68-2D5BC5D76587}.Release|Any CPU.Build.0 = Release|Any CPU
		{6438010F-BB2B-4B4B-B22C-36B790F3CAD3}.Debug|Any CPU.ActiveCfg = Debug|Any CPU
		{6438010F-BB2B-4B4B-B22C-36B790F3CAD3}.Debug|Any CPU.Build.0 = Debug|Any CPU
		{6438010F-BB2B-4B4B-B22C-36B790F3CAD3}.Release|Any CPU.ActiveCfg = Release|Any CPU
		{6438010F-BB2B-4B4B-B22C-36B790F3CAD3}.Release|Any CPU.Build.0 = Release|Any CPU
		{9A490888-4356-4F92-A940-B005F7ACBD30}.Debug|Any CPU.ActiveCfg = Debug|Any CPU
		{9A490888-4356-4F92-A940-B005F7ACBD30}.Debug|Any CPU.Build.0 = Debug|Any CPU
		{9A490888-4356-4F92-A940-B005F7ACBD30}.Release|Any CPU.ActiveCfg = Release|Any CPU
		{9A490888-4356-4F92-A940-B005F7ACBD30}.Release|Any CPU.Build.0 = Release|Any CPU
		{73AA7857-1F47-4DE4-8678-947CFE763E3C}.Debug|Any CPU.ActiveCfg = Debug|Any CPU
		{73AA7857-1F47-4DE4-8678-947CFE763E3C}.Debug|Any CPU.Build.0 = Debug|Any CPU
		{73AA7857-1F47-4DE4-8678-947CFE763E3C}.Release|Any CPU.ActiveCfg = Release|Any CPU
		{73AA7857-1F47-4DE4-8678-947CFE763E3C}.Release|Any CPU.Build.0 = Release|Any CPU
		{0D9B191D-914B-4283-A06E-886F11DEB986}.Debug|Any CPU.ActiveCfg = Debug|Any CPU
		{0D9B191D-914B-4283-A06E-886F11DEB986}.Debug|Any CPU.Build.0 = Debug|Any CPU
		{0D9B191D-914B-4283-A06E-886F11DEB986}.Release|Any CPU.ActiveCfg = Release|Any CPU
		{0D9B191D-914B-4283-A06E-886F11DEB986}.Release|Any CPU.Build.0 = Release|Any CPU
		{FDBDD6E8-7C49-4584-90D3-64BE4B58BF95}.Debug|Any CPU.ActiveCfg = Debug|Any CPU
		{FDBDD6E8-7C49-4584-90D3-64BE4B58BF95}.Debug|Any CPU.Build.0 = Debug|Any CPU
		{FDBDD6E8-7C49-4584-90D3-64BE4B58BF95}.Release|Any CPU.ActiveCfg = Release|Any CPU
		{FDBDD6E8-7C49-4584-90D3-64BE4B58BF95}.Release|Any CPU.Build.0 = Release|Any CPU
		{54B57CFC-C649-49FD-AD6D-94A4F875B8BE}.Debug|Any CPU.ActiveCfg = Debug|Any CPU
		{54B57CFC-C649-49FD-AD6D-94A4F875B8BE}.Debug|Any CPU.Build.0 = Debug|Any CPU
		{54B57CFC-C649-49FD-AD6D-94A4F875B8BE}.Release|Any CPU.ActiveCfg = Release|Any CPU
		{54B57CFC-C649-49FD-AD6D-94A4F875B8BE}.Release|Any CPU.Build.0 = Release|Any CPU
	EndGlobalSection
	GlobalSection(SolutionProperties) = preSolution
		HideSolutionNode = FALSE
	EndGlobalSection
	GlobalSection(ExtensibilityGlobals) = postSolution
		SolutionGuid = {7BC67DCF-DA6C-48FB-888E-0CAC8D164841}
	EndGlobalSection
EndGlobal
